{
  "version": 2,
  "dependencies": {
    "net10.0": {
      "Asp.Versioning.Http": {
        "type": "Direct",
        "requested": "[8.1.0, )",
        "resolved": "8.1.0",
        "contentHash": "Xu4xF62Cu9JqYi/CTa2TiK5kyHoa4EluPynj/bPFWDmlTIPzuJQbBI5RgFYVRFHjFVvWMoA77acRaFu7i7Wzqg==",
        "dependencies": {
          "Asp.Versioning.Abstractions": "8.1.0"
        }
      },
      "Audit.NET": {
        "type": "Direct",
        "requested": "[27.1.0, )",
        "resolved": "27.1.0",
        "contentHash": "dKpXqnsqbaZ0Mtc+vZkga8nG00fhD01dmZPPIudgtSQ9aS0cimtRsAgsvE6IJdkt20oUq/P06nIw6etbqQiDZw=="
      },
      "Audit.WebApi.Core": {
        "type": "Direct",
        "requested": "[27.1.0, )",
        "resolved": "27.1.0",
        "contentHash": "2bDxpKgAwzzPf5lWMe4x2CVR+tROuuL6yJX2SaYoQj9Np04MEOqlCERtyH1dinM4sVIM3//yZUsA38DMQd2o1g==",
        "dependencies": {
          "Audit.NET": "27.1.0"
        }
      },
      "Azure.Messaging.EventGrid": {
        "type": "Direct",
        "requested": "[4.28.0, )",
        "resolved": "4.28.0",
        "contentHash": "z+mKT2iSnrFwGArAFEeKDDrSn6BFgcMo3k2PgDDFyoBNZsJz0xqb2MTVQoTlGrNe9JMjiY87w4yKb6j7JGquZg==",
        "dependencies": {
          "Azure.Core": "1.44.1",
          "System.Memory.Data": "6.0.0"
        }
      },
      "Azure.Monitor.OpenTelemetry.AspNetCore": {
        "type": "Direct",
        "requested": "[1.3.0, )",
        "resolved": "1.3.0",
        "contentHash": "OMWHBFq5n5xqEE0xUSpNejipgvzjIaQTdbDLVEtV7EwuUMe3AJvkoNqO0Lkcdzv9sYk6R50PrmEfVBzAMrHhFA==",
        "dependencies": {
          "Azure.Core": "1.46.1",
          "Azure.Monitor.OpenTelemetry.Exporter": "1.4.0",
          "OpenTelemetry.Extensions.Hosting": "1.12.0",
          "OpenTelemetry.Instrumentation.AspNetCore": "1.12.0",
          "OpenTelemetry.Instrumentation.Http": "1.12.0"
        }
      },
      "Azure.Storage.Queues": {
        "type": "Direct",
        "requested": "[12.23.0, )",
        "resolved": "12.23.0",
        "contentHash": "8uhYJvlUPrXwD5uxC2L4uPYogk/9VpI1309lwcSku8+odNdAWLlZBAeVfwwZVRSPOGOhWBc/m2LKT/u0D2V+4w==",
        "dependencies": {
          "Azure.Storage.Common": "12.24.0"
        }
      },
      "CsvHelper": {
        "type": "Direct",
        "requested": "[33.0.1, )",
        "resolved": "33.0.1",
        "contentHash": "fev4lynklAU2A9GVMLtwarkwaanjSYB4wUqO2nOJX5hnzObORzUqVLe+bDYCUyIIRQM4o5Bsq3CcyJR89iMmEQ=="
      },
      "Microsoft.AspNetCore.OpenApi": {
        "type": "Direct",
        "requested": "[10.0.9, )",
        "resolved": "10.0.9",
        "contentHash": "1ihb8FO9cGgEK1/m3CTtT/SfnynwmiZib0W2pcDVj3KSWk/Sca4VOXEtaptKQc582zpFrzTFiwkGRCglt6H+WQ==",
        "dependencies": {
          "Microsoft.OpenApi": "2.0.0"
        }
      },
      "Microsoft.CodeAnalysis.BannedApiAnalyzers": {
        "type": "Direct",
        "requested": "[4.14.0, )",
        "resolved": "4.14.0",
        "contentHash": "gSWJlDWwmDhtbrEJGiHqvEjz9KthIiFD0qYB8zZ6a7z+xpMSPEtM9yTYELSa58iFWYlzSRqP9FXO6KoT3+ZMtg=="
      },
      "OpenTelemetry.Extensions.Hosting": {
        "type": "Direct",
        "requested": "[1.16.0, )",
        "resolved": "1.16.0",
        "contentHash": "/YfrO5MRaA156vhNanYGPX2JjOwKUrA0+Jf7ltT2eD3VkfHqXcEJY5Oxt/nWH8lqBOTc1nJpn2soBtD5Cml8Dg==",
        "dependencies": {
          "OpenTelemetry": "1.16.0"
        }
      },
      "OpenTelemetry.Instrumentation.AspNetCore": {
        "type": "Direct",
        "requested": "[1.16.0, )",
        "resolved": "1.16.0",
        "contentHash": "vSC5EsmBVNcqXMh9BGkkq8zkoUjrg8ghBDb9zbKR8Bqjd05utjVgVft+fqsqQVsvlV5olGj1pBliHBngcIGSIg==",
        "dependencies": {
          "OpenTelemetry.Api.ProviderBuilderExtensions": "[1.16.0, 2.0.0)"
        }
      },
      "OpenTelemetry.Instrumentation.Http": {
        "type": "Direct",
        "requested": "[1.16.0, )",
        "resolved": "1.16.0",
        "contentHash": "+Sz3lfvMXwWE8s/sMruHCDlO/+cArFVc6oBg1tCb70BKlL9FCC7uK4Ar2/VP9Hhwvs+UwaW1vGzE/uiByVHXiA==",
        "dependencies": {
          "OpenTelemetry.Api.ProviderBuilderExtensions": "[1.16.0, 2.0.0)"
        }
      },
      "Asp.Versioning.Abstractions": {
        "type": "Transitive",
        "resolved": "8.1.0",
        "contentHash": "mpeNZyMdvrHztJwR1sXIUQ+3iioEU97YMBnFA9WLbsPOYhGwDJnqJMmEd8ny7kcmS9OjTHoEuX/bSXXY3brIFA=="
      },
      "Azure.Core": {
        "type": "Transitive",
        "resolved": "1.46.1",
        "contentHash": "iE5DPOlGsN5kCkF4gN+vasN1RihO0Ypie92oQ5tohQYiokmnrrhLnee+3zcE8n7vB6ZAzhPTfUGAEXX/qHGkYA==",
        "dependencies": {
          "Microsoft.Bcl.AsyncInterfaces": "8.0.0",
          "System.ClientModel": "1.4.1",
          "System.Memory.Data": "6.0.1"
        }
      },
      "Azure.Core.Amqp": {
        "type": "Transitive",
        "resolved": "1.3.1",
        "contentHash": "AY1ZM4WwLBb9L2WwQoWs7wS2XKYg83tp3yVVdgySdebGN0FuIszuEqCy3Nhv6qHpbkjx/NGuOTsUbF/oNGBgwA==",
        "dependencies": {
          "Microsoft.Azure.Amqp": "2.6.7",
          "System.Memory.Data": "1.0.2"
        }
      },
      "Azure.Monitor.OpenTelemetry.Exporter": {
        "type": "Transitive",
        "resolved": "1.4.0",
        "contentHash": "oG4JO4uvtTibh83syZFgBCbWyKbbhrmGyyFnmzUMO7tmgrRdSdD4PHe8+TKdPZ7hNAVjySuColO6aJzbncZ02w==",
        "dependencies": {
          "Azure.Core": "1.46.0",
          "OpenTelemetry": "1.12.0",
          "OpenTelemetry.Extensions.Hosting": "1.12.0",
          "OpenTelemetry.PersistentStorage.FileSystem": "1.0.1"
        }
      },
      "Azure.Storage.Common": {
        "type": "Transitive",
        "resolved": "12.24.0",
        "contentHash": "JOmmSgNvH/zRWRihT6PZapEdTNESP4YtGS5OjbkUAg6EFiM6Ite7hDkqzJrA7QKmi1SRwZ40vpHi1McVpQuhgw==",
        "dependencies": {
          "Azure.Core": "1.44.1",
          "System.IO.Hashing": "8.0.0"
        }
      },
      "Microsoft.Azure.Amqp": {
        "type": "Transitive",
        "resolved": "2.6.7",
        "contentHash": "AR0zs1xlNvwN2nKdwPOFKJQpSTEOlxyGxUJtXyLOWTypP5XtTfShCfENkKwXZa+xIW6dzhY1t+zoI/PvMH1dxQ=="
      },
      "Microsoft.Bcl.AsyncInterfaces": {
        "type": "Transitive",
        "resolved": "8.0.0",
        "contentHash": "3WA9q9yVqJp222P3x1wYIGDAkpjAku0TMUaaQV22g6L67AI0LdOIrVS7Ht2vJfLHGSPVuqN94vIr15qn+HEkHw=="
      },
      "Microsoft.Extensions.AmbientMetadata.Application": {
        "type": "Transitive",
        "resolved": "10.7.0",
        "contentHash": "yZ0818pVYQvUFW/1m+f8A1+lIAeSeQxEOdUCMIC+tqcRRKlqNjKPRKvGHPp8xLRbZBLaHfBtDslJa/sofn7J/Q=="
      },
      "Microsoft.Extensions.Compliance.Abstractions": {
        "type": "Transitive",
        "resolved": "10.7.0",
        "contentHash": "qbi6lg6dyvydBvpjXeBx3wLPvmgXWn3nwkKBOsgEck6w++BEsBcv8YhdcczME16Oq+a6wkdtna9/qCEkxsNw5A=="
      },
      "Microsoft.Extensions.DependencyInjection.AutoActivation": {
        "type": "Transitive",
        "resolved": "10.7.0",
        "contentHash": "WrSK0FGHSjSY4Pg4kd9Du8CUDwrgFTwHH1Y+N7sjyT6RFMU+G3coQ/Uq9PMGdQcy+DVKSMGHjfmWY47ZoYvhNA=="
      },
      "Microsoft.Extensions.Diagnostics.ExceptionSummarization": {
        "type": "Transitive",
        "resolved": "10.7.0",
        "contentHash": "Kc4XbbxtCzvn2P/fKF48xLWPbp3N5DV0MkJlgPJHEb47PUqCJ6kEl/JTKfpmP7QLuwYjx2QxKTdtwXfpjgA6KQ=="
      },
      "Microsoft.Extensions.Http.Diagnostics": {
        "type": "Transitive",
        "resolved": "10.7.0",
        "contentHash": "1m1zdBGW5J8MOxdZpJ5mUqdSaamRrYkpmfnEfeDmlZnglpfgDztcKOBU6cVsmn90AB7Ji2w8USvEsJ8PahbBWQ==",
        "dependencies": {
          "Microsoft.Extensions.Telemetry": "10.7.0"
        }
      },
      "Microsoft.Extensions.Resilience": {
        "type": "Transitive",
        "resolved": "10.7.0",
        "contentHash": "ldUrtRzWSnfe5945xoSxDXxoWXnIKn19E74Huieyp76XW/BjRk3bhkILSSib1NKdZ2lpi/ReTvOpNGcJ8hkOxw==",
        "dependencies": {
          "Microsoft.Extensions.Diagnostics.ExceptionSummarization": "10.7.0",
          "Microsoft.Extensions.Telemetry.Abstractions": "10.7.0",
          "Polly.Extensions": "8.4.2",
          "Polly.RateLimiting": "8.4.2"
        }
      },
      "Microsoft.Extensions.ServiceDiscovery.Abstractions": {
        "type": "Transitive",
        "resolved": "10.7.0",
        "contentHash": "1a/tCYg7+5HdJRQ0BQDDGzANBaw/1fony7eNsMwQ5n9FZmO3K5JCls02o8fwQc296l0szNBwroLRtXf94OZw9A=="
      },
      "Microsoft.Extensions.Telemetry": {
        "type": "Transitive",
        "resolved": "10.7.0",
        "contentHash": "vZFNVvkz+7IABEv4klzPX/ZdmZQ6TrcReKUfeYIrQ2bbnvEcgZtG1RmOGeWkc1hFg8cq9sAgUc2lHCqlXSqf5A==",
        "dependencies": {
          "Microsoft.Extensions.AmbientMetadata.Application": "10.7.0",
          "Microsoft.Extensions.DependencyInjection.AutoActivation": "10.7.0",
          "Microsoft.Extensions.Telemetry.Abstractions": "10.7.0"
        }
      },
      "Microsoft.Extensions.Telemetry.Abstractions": {
        "type": "Transitive",
        "resolved": "10.7.0",
        "contentHash": "ir1QKShZzfEmqO9LUWESVMUDZdnxYBSKQyulYPMeaye531lAuT8YTotthx+htrrS8hZY52HANeqowLQyCYBCZg==",
        "dependencies": {
          "Microsoft.Extensions.Compliance.Abstractions": "10.7.0"
        }
      },
      "Microsoft.IdentityModel.Abstractions": {
        "type": "Transitive",
        "resolved": "8.0.1",
        "contentHash": "OtlIWcyX01olfdevPKZdIPfBEvbcioDyBiE/Z2lHsopsMD7twcKtlN9kMevHmI5IIPhFpfwCIiR6qHQz1WHUIw=="
      },
      "Microsoft.IdentityModel.JsonWebTokens": {
        "type": "Transitive",
        "resolved": "8.0.1",
        "contentHash": "s6++gF9x0rQApQzOBbSyp4jUaAlwm+DroKfL8gdOHxs83k8SJfUXhuc46rDB3rNXBQ1MVRxqKUrqFhO/M0E97g==",
        "dependencies": {
          "Microsoft.IdentityModel.Tokens": "8.0.1"
        }
      },
      "Microsoft.IdentityModel.Logging": {
        "type": "Transitive",
        "resolved": "8.0.1",
        "contentHash": "UCPF2exZqBXe7v/6sGNiM6zCQOUXXQ9+v5VTb9gPB8ZSUPnX53BxlN78v2jsbIvK9Dq4GovQxo23x8JgWvm/Qg==",
        "dependencies": {
          "Microsoft.IdentityModel.Abstractions": "8.0.1"
        }
      },
      "Microsoft.IdentityModel.Protocols": {
        "type": "Transitive",
        "resolved": "8.0.1",
        "contentHash": "uA2vpKqU3I2mBBEaeJAWPTjT9v1TZrGWKdgK6G5qJd03CLx83kdiqO9cmiK8/n1erkHzFBwU/RphP83aAe3i3g==",
        "dependencies": {
          "Microsoft.IdentityModel.Tokens": "8.0.1"
        }
      },
      "Microsoft.IdentityModel.Protocols.OpenIdConnect": {
        "type": "Transitive",
        "resolved": "8.0.1",
        "contentHash": "AQDbfpL+yzuuGhO/mQhKNsp44pm5Jv8/BI4KiFXR7beVGZoSH35zMV3PrmcfvSTsyI6qrcR898NzUauD6SRigg==",
        "dependencies": {
          "Microsoft.IdentityModel.Protocols": "8.0.1",
          "System.IdentityModel.Tokens.Jwt": "8.0.1"
        }
      },
      "Microsoft.IdentityModel.Tokens": {
        "type": "Transitive",
        "resolved": "8.0.1",
        "contentHash": "kDimB6Dkd3nkW2oZPDkMkVHfQt3IDqO5gL0oa8WVy3OP4uE8Ij+8TXnqg9TOd9ufjsY3IDiGz7pCUbnfL18tjg==",
        "dependencies": {
          "Microsoft.IdentityModel.Logging": "8.0.1"
        }
      },
      "Microsoft.OpenApi": {
        "type": "Transitive",
        "resolved": "2.0.0",
        "contentHash": "GGYLfzV/G/ct80OZ45JxnWP7NvMX1BCugn/lX7TH5o0lcVaviavsLMTxmFV2AybXWjbi3h6FF1vgZiTK6PXndw=="
      },
      "OpenTelemetry.Api": {
        "type": "Transitive",
        "resolved": "1.16.0",
        "contentHash": "WZP8Eb6vZTeNqeV+fjBitc7iefBoTHIhaWorqg/h/YiQBlcQJu0bICuTqKV0XRyjiE0eWs80yLlnUtHAFSkFWA=="
      },
      "OpenTelemetry.Api.ProviderBuilderExtensions": {
        "type": "Transitive",
        "resolved": "1.16.0",
        "contentHash": "hZwaHAkXvUNn9+cS+vEvYBgIrIQOQRz2cIRUODZ5gxHsDsLeNCueLgZFkybopjE0jUhLut6lm5eL3LTqbW0hMg==",
        "dependencies": {
          "OpenTelemetry.Api": "1.16.0"
        }
      },
      "OpenTelemetry.PersistentStorage.Abstractions": {
        "type": "Transitive",
        "resolved": "1.0.1",
        "contentHash": "LfXI2EoO7t2ku3hN6rIcUgqrdmNxKPG4pkgVa7Cakb9rlkmHYcqzMavLU5vy+G/txT+ZmLW9Z7TlptTqnrGEXg=="
      },
      "OpenTelemetry.PersistentStorage.FileSystem": {
        "type": "Transitive",
        "resolved": "1.0.1",
        "contentHash": "RR1UziU+PYWYe+cwGZtSpdF43zv60GPP+WU0epR8xzZuA5FoxceCa+tYTh8iDqTYvy6F+jUzRe74dg/YAZ437Q==",
        "dependencies": {
          "OpenTelemetry.PersistentStorage.Abstractions": "1.0.1"
        }
      },
      "Polly.Core": {
        "type": "Transitive",
        "resolved": "8.4.2",
        "contentHash": "BpE2I6HBYYA5tF0Vn4eoQOGYTYIK1BlF5EXVgkWGn3mqUUjbXAr13J6fZVbp7Q3epRR8yshacBMlsHMhpOiV3g=="
      },
      "Polly.Extensions": {
        "type": "Transitive",
        "resolved": "8.4.2",
        "contentHash": "GZ9vRVmR0jV2JtZavt+pGUsQ1O1cuRKG7R7VOZI6ZDy9y6RNPvRvXK1tuS4ffUrv8L0FTea59oEuQzgS0R7zSA==",
        "dependencies": {
          "Polly.Core": "8.4.2"
        }
      },
      "Polly.RateLimiting": {
        "type": "Transitive",
        "resolved": "8.4.2",
        "contentHash": "ehTImQ/eUyO07VYW2WvwSmU9rRH200SKJ/3jku9rOkyWE0A2JxNFmAVms8dSn49QLSjmjFRRSgfNyOgr/2PSmA==",
        "dependencies": {
          "Polly.Core": "8.4.2"
        }
      },
      "System.ClientModel": {
        "type": "Transitive",
        "resolved": "1.4.1",
        "contentHash": "MY7eFGKp+Hu7Ciub8wigQ0odGrkml4eTjUy8d5Bu2eGAVvm8Qskkq+YuXiiS5wMJGq7iSvqseV4skd5WxTUdDA==",
        "dependencies": {
          "System.Memory.Data": "6.0.1"
        }
      },
      "System.IdentityModel.Tokens.Jwt": {
        "type": "Transitive",
        "resolved": "8.0.1",
        "contentHash": "GJw3bYkWpOgvN3tJo5X4lYUeIFA2HD293FPUhKmp7qxS+g5ywAb34Dnd3cDAFLkcMohy5XTpoaZ4uAHuw0uSPQ==",
        "dependencies": {
          "Microsoft.IdentityModel.JsonWebTokens": "8.0.1",
          "Microsoft.IdentityModel.Tokens": "8.0.1"
        }
      },
      "System.IO.Hashing": {
        "type": "Transitive",
        "resolved": "8.0.0",
        "contentHash": "ne1843evDugl0md7Fjzy6QjJrzsjh46ZKbhf8GwBXb5f/gw97J4bxMs0NQKifDuThh/f0bZ0e62NPl1jzTuRqA=="
      },
      "System.Memory.Data": {
        "type": "Transitive",
        "resolved": "6.0.1",
        "contentHash": "yliDgLh9S9Mcy5hBIdZmX6yphYIW3NH+3HN1kV1m7V1e0s7LNTw/tHNjJP4U9nSMEgl3w1TzYv/KA1Tg9NYy6w=="
      },
      "apiplatform.contracts": {
        "type": "Project"
      },
      "apiplatform.integration": {
        "type": "Project",
        "dependencies": {
          "ApiPlatform.Contracts": "[0.1.0, )",
          "ApiPlatform.Platform": "[0.1.0, )",
          "Azure.Messaging.EventGrid": "[4.28.0, )",
          "Azure.Messaging.ServiceBus": "[7.18.2, )",
          "Castle.Core": "[5.2.1, )",
          "Castle.Core.AsyncInterceptor": "[2.1.0, )"
        }
      },
      "apiplatform.platform": {
        "type": "Project",
        "dependencies": {
          "ApiPlatform.Contracts": "[0.1.0, )",
          "Audit.NET": "[27.1.0, )"
        }
      },
      "apiplatform.platform.aspnetcore": {
        "type": "Project",
        "dependencies": {
          "ApiPlatform.Platform": "[0.1.0, )",
          "Microsoft.AspNetCore.Authentication.JwtBearer": "[10.0.0, )"
        }
      },
      "apiplatform.servicedefaults": {
        "type": "Project",
        "dependencies": {
          "ApiPlatform.Platform": "[0.1.0, )",
          "Microsoft.Extensions.Http.Resilience": "[10.7.0, )",
          "Microsoft.Extensions.ServiceDiscovery": "[10.7.0, )",
          "OpenTelemetry.Exporter.OpenTelemetryProtocol": "[1.16.0, )",
          "OpenTelemetry.Extensions.Hosting": "[1.16.0, )",
          "OpenTelemetry.Instrumentation.AspNetCore": "[1.16.0, )",
          "OpenTelemetry.Instrumentation.Http": "[1.16.0, )"
        }
      },
      "Azure.Messaging.ServiceBus": {
        "type": "CentralTransitive",
        "requested": "[7.18.2, )",
        "resolved": "7.18.2",
        "contentHash": "/vmMVM5REjasEnhlQVX0O9PTZXAGS4vflNtox4gx5ofpgQgX6rzG0PnlO0Zy8Jp7454C06QeyGbV3EjVliCzOQ==",
        "dependencies": {
          "Azure.Core": "1.44.0",
          "Azure.Core.Amqp": "1.3.1",
          "Microsoft.Azure.Amqp": "2.6.7",
          "Microsoft.Bcl.AsyncInterfaces": "6.0.0",
          "System.Memory.Data": "6.0.0"
        }
      },
      "Castle.Core": {
        "type": "CentralTransitive",
        "requested": "[5.2.1, )",
        "resolved": "5.2.1",
        "contentHash": "wHARzQA695jwwKreOzNsq54KiGqKP38tv8hi8e2FXDEC/sA6BtrX90tVPDkOfVu13PbEzr00TCV8coikl+D1Iw=="
      },
      "Castle.Core.AsyncInterceptor": {
        "type": "CentralTransitive",
        "requested": "[2.1.0, )",
        "resolved": "2.1.0",
        "contentHash": "1vOovJnbjjoCFbPPNLvLTeiqJwoA+aRXkhXcgCQY0pi1eejGqCegJwl58pIIPH/uKDfUXnPIo7aqSrcXEyEH1Q==",
        "dependencies": {
          "Castle.Core": "4.4.0"
        }
      },
      "Microsoft.AspNetCore.Authentication.JwtBearer": {
        "type": "CentralTransitive",
        "requested": "[10.0.0, )",
        "resolved": "10.0.0",
        "contentHash": "0BgDfT1GoZnzjJOBwx5vFMK5JtqsTEas9pCEwd1/KKxNUAqFmreN60WeUoF+CsmSd9tOQuqWedvdBo/QqHuNTQ==",
        "dependencies": {
          "Microsoft.IdentityModel.Protocols.OpenIdConnect": "8.0.1"
        }
      },
      "Microsoft.Extensions.Http.Resilience": {
        "type": "CentralTransitive",
        "requested": "[10.7.0, )",
        "resolved": "10.7.0",
        "contentHash": "3Lip0MkBVPtqU1wCM2M2Y8CzsqxA1BanVNMV9LQYMTwBgy25NDe6U9nSk6SfmsxXlh77iwSQuPsyjt5mxrOGmQ==",
        "dependencies": {
          "Microsoft.Extensions.Http.Diagnostics": "10.7.0",
          "Microsoft.Extensions.Resilience": "10.7.0"
        }
      },
      "Microsoft.Extensions.ServiceDiscovery": {
        "type": "CentralTransitive",
        "requested": "[10.7.0, )",
        "resolved": "10.7.0",
        "contentHash": "UgBfP98NmKDjx/2jbLGkckSlc8XG4ubkjPrqACE2i9LPmrgoYGWTh9snybRUGBm0sTchsq3on81XRxfvX+XC5g==",
        "dependencies": {
          "Microsoft.Extensions.ServiceDiscovery.Abstractions": "10.7.0"
        }
      },
      "OpenTelemetry": {
        "type": "CentralTransitive",
        "requested": "[1.16.0, )",
        "resolved": "1.16.0",
        "contentHash": "nE/Px3MUvQC8c0UG0DOP5OJE7vMtiMaPYi/6TkSS/o/O0s/oPq+8WaPYTVEPzb7lwu/QyLgknc+sFm2FjPXe2A==",
        "dependencies": {
          "OpenTelemetry.Api.ProviderBuilderExtensions": "1.16.0"
        }
      },
      "OpenTelemetry.Exporter.OpenTelemetryProtocol": {
        "type": "CentralTransitive",
        "requested": "[1.16.0, )",
        "resolved": "1.16.0",
        "contentHash": "gzYLY8sVDY5FYtVlCYSzBYX53xslRlvBLxwFYOdNIhc76SgKdFYUoDQXOeQI3WPBCrZp51QNcP6fZHh1+HtpIQ==",
        "dependencies": {
          "OpenTelemetry": "1.16.0"
        }
      }
    }
  }
}